{
  "name": "videoshare-nextjs",
  "version": "4.16.24",
  "lockfileVersion": 3,
  "requires": true,
  "__generatedNote": "Placeholder lockfile generated in offline CI sandbox. Run `npm install` on a normal environment to regenerate a full lock with resolved tarballs and integrity.",
  "packages": {
    "": {
      "name": "videoshare-nextjs",
      "version": "4.16.24",
      "dependencies": {
        "@aws-sdk/client-s3": "^3.540.0",
        "@aws-sdk/s3-request-presigner": "^3.540.0",
        "@metaplex-foundation/js": "^0.20.1",
        "@noble/hashes": "^1.6.1",
        "@prisma/client": "^5.14.0",
        "@solana/spl-token": "^0.4.9",
        "@solana/web3.js": "^1.98.0",
        "@t3-oss/env-nextjs": "^0.10.1",
        "basic-ftp": "^5.0.5",
        "bcryptjs": "^2.4.3",
        "bs58": "^6.0.0",
        "bullmq": "^5.14.0",
        "class-variance-authority": "^0.7.0",
        "clsx": "^2.1.1",
        "dotenv": "^16.4.5",
        "ethers": "^6.13.4",
        "googleapis": "^156.0.0",
        "hls.js": "^1.5.17",
        "ioredis": "^5.4.1",
        "next": "^14.2.3",
        "next-auth": "^4.24.7",
        "openai": "^4.56.0",
        "react": "^18.2.0",
        "react-dom": "^18.2.0",
        "react-markdown": "^9.0.1",
        "recharts": "^2.12.7",
        "remark-gfm": "^4.0.0",
        "tailwind-merge": "^2.4.0",
        "tweetnacl": "^1.0.3",
        "zod": "^3.23.8"
      },
      "devDependencies": {
        "@tailwindcss/typography": "^0.5.13",
        "@types/node": "^20.12.12",
        "@types/react": "^18.2.75",
        "@types/react-dom": "^18.2.25",
        "autoprefixer": "^10.4.19",
        "eslint": "^8.57.0",
        "eslint-config-next": "^14.2.3",
        "postcss": "^8.4.38",
        "prisma": "^5.14.0",
        "tailwindcss": "^3.4.4",
        "tsx": "^4.15.6",
        "typescript": "^5.4.5",
        "vitest": "^1.6.0"
      }
    }
  },
  "dependencies": {
    "@aws-sdk/client-s3": {
      "version": "^3.540.0"
    },
    "@aws-sdk/s3-request-presigner": {
      "version": "^3.540.0"
    },
    "@metaplex-foundation/js": {
      "version": "^0.20.1"
    },
    "@noble/hashes": {
      "version": "^1.6.1"
    },
    "@prisma/client": {
      "version": "^5.14.0"
    },
    "@solana/spl-token": {
      "version": "^0.4.9"
    },
    "@solana/web3.js": {
      "version": "^1.98.0"
    },
    "@t3-oss/env-nextjs": {
      "version": "^0.10.1"
    },
    "basic-ftp": {
      "version": "^5.0.5"
    },
    "bcryptjs": {
      "version": "^2.4.3"
    },
    "bs58": {
      "version": "^6.0.0"
    },
    "bullmq": {
      "version": "^5.14.0"
    },
    "class-variance-authority": {
      "version": "^0.7.0"
    },
    "clsx": {
      "version": "^2.1.1"
    },
    "dotenv": {
      "version": "^16.4.5"
    },
    "ethers": {
      "version": "^6.13.4"
    },
    "googleapis": {
      "version": "^156.0.0"
    },
    "hls.js": {
      "version": "^1.5.17"
    },
    "ioredis": {
      "version": "^5.4.1"
    },
    "next": {
      "version": "^14.2.3"
    },
    "next-auth": {
      "version": "^4.24.7"
    },
    "openai": {
      "version": "^4.56.0"
    },
    "react": {
      "version": "^18.2.0"
    },
    "react-dom": {
      "version": "^18.2.0"
    },
    "react-markdown": {
      "version": "^9.0.1"
    },
    "recharts": {
      "version": "^2.12.7"
    },
    "remark-gfm": {
      "version": "^4.0.0"
    },
    "tailwind-merge": {
      "version": "^2.4.0"
    },
    "tweetnacl": {
      "version": "^1.0.3"
    },
    "zod": {
      "version": "^3.23.8"
    }
  }
}
